{
  "name": "app-local",
  "lockfileVersion": 3,
  "requires": true,
  "packages": {
    "": {
      "dependencies": {
        "numpy": "^0.0.1",
        "pickle": "^0.2.0"
      }
    },
    "node_modules/numpy": {
      "version": "0.0.1",
      "resolved": "https://registry.npmjs.org/numpy/-/numpy-0.0.1.tgz",
      "integrity": "sha512-HPoSFyRtH4dRUGjI6bzeVKgfOeNtIAWLvVWMqbaNGmWKE+npdnZ6L78TEJELgZBb+9XpL6r16vOz1jaQ7YVI7Q==",
      "license": "MIT"
    },
    "node_modules/pickle": {
      "version": "0.2.0",
      "resolved": "https://registry.npmjs.org/pickle/-/pickle-0.2.0.tgz",
      "integrity": "sha512-zOlpjydw1S+DNG4jPL0OedsQNseJJUxdhthIwfJEUzy/No/+S014smZjByKbokyGiL9aq441InfMtP0h3oaByA==",
      "deprecated": "Package no longer supported. Contact Support at https://www.npmjs.com/support for more info.",
      "engines": {
        "node": ">=0.4.0"
      }
    }
  }
}
